// !$*UTF8*$!
{
	archiveVersion = 1;
	classes = {
	};
	objectVersion = 48;
	objects = {

/* Begin PBXBuildFile section */
		50F1AC4C20460D0600B38191 /* AppDelegate.swift in Sources */ = {isa = PBXBuildFile; fileRef = 50F1AC4B20460D0600B38191 /* AppDelegate.swift */; };
		50F1AC4E20460D0600B38191 /* ViewController.swift in Sources */ = {isa = PBXBuildFile; fileRef = 50F1AC4D20460D0600B38191 /* ViewController.swift */; };
		50F1AC5120460D0600B38191 /* Main.storyboard in Resources */ = {isa = PBXBuildFile; fileRef = 50F1AC4F20460D0600B38191 /* Main.storyboard */; };
		50F1AC5320460D0600B38191 /* Assets.xcassets in Resources */ = {isa = PBXBuildFile; fileRef = 50F1AC5220460D0600B38191 /* Assets.xcassets */; };
		50F1AC5620460D0600B38191 /* LaunchScreen.storyboard in Resources */ = {isa = PBXBuildFile; fileRef = 50F1AC5420460D0600B38191 /* LaunchScreen.storyboard */; };
/* End PBXBuildFile section */

/* Begin PBXFileReference section */
		50F1AC4820460D0600B38191 /* SecretCode_Eloe.app */ = {isa = PBXFileReference; explicitFileType = wrapper.application; includeInIndex = 0; path = SecretCode_Eloe.app; sourceTree = BUILT_PRODUCTS_DIR; };
		50F1AC4B20460D0600B38191 /* AppDelegate.swift */ = {isa = PBXFileReference; lastKnownFileType = sourcecode.swift; path = AppDelegate.swift; sourceTree = "<group>"; };
		50F1AC4D20460D0600B38191 /* ViewController.swift */ = {isa = PBXFileReference; lastKnownFileType = sourcecode.swift; path = ViewController.swift; sourceTree = "<group>"; };
		50F1AC5020460D0600B38191 /* Base */ = {isa = PBXFileReference; lastKnownFileType = file.storyboard; name = Base; path = Base.lproj/Main.storyboard; sourceTree = "<group>"; };
		50F1AC5220460D0600B38191 /* Assets.xcassets */ = {isa = PBXFileReference; lastKnownFileType = folder.assetcatalog; path = Assets.xcassets; sourceTree = "<group>"; };
		50F1AC5520460D0600B38191 /* Base */ = {isa = PBXFileReference; lastKnownFileType = file.storyboard; name = Base; path = Base.lproj/LaunchScreen.storyboard; sourceTree = "<group>"; };
		50F1AC5720460D0600B38191 /* Info.plist */ = {isa = PBXFileReference; lastKnownFileType = text.plist.xml; path = Info.plist; sourceTree = "<group>"; };
/* End PBXFileReference section */

/* Begin PBXFrameworksBuildPhase section */
		50F1AC4520460D0600B38191 /* Frameworks */ = {
			isa = PBXFrameworksBuildPhase;
			buildActionMask = 2147483647;
			files = (
			);
			runOnlyForDeploymentPostprocessing = 0;
		};
/* End PBXFrameworksBuildPhase section */

/* Begin PBXGroup section */
		50F1AC3F20460D0600B38191 = {
			isa = PBXGroup;
			children = (
				50F1AC4A20460D0600B38191 /* SecretCode_Eloe */,
				50F1AC4920460D0600B38191 /* Products */,
			);
			sourceTree = "<group>";
		};
		50F1AC4920460D0600B38191 /* Products */ = {
			isa = PBXGroup;
			children = (
				50F1AC4820460D0600B38191 /* SecretCode_Eloe.app */,
			);
			name = Products;
			sourceTree = "<group>";
		};
		50F1AC4A20460D0600B38191 /* SecretCode_Eloe */ = {
			isa = PBXGroup;
			children = (
				50F1AC4B20460D0600B38191 /* AppDelegate.swift */,
				50F1AC4D20460D0600B38191 /* ViewController.swift */,
				50F1AC4F20460D0600B38191 /* Main.storyboard */,
				50F1AC5220460D0600B38191 /* Assets.xcassets */,
				50F1AC5420460D0600B38191 /* LaunchScreen.storyboard */,
				50F1AC5720460D0600B38191 /* Info.plist */,
			);
			path = SecretCode_Eloe;
			sourceTree = "<group>";
		};
/* End PBXGroup section */

/* Begin PBXNativeTarget section */
		50F1AC4720460D0600B38191 /* SecretCode_Eloe */ = {
			isa = PBXNativeTarget;
			buildConfigurationList = 50F1AC5A20460D0600B38191 /* Build configuration list for PBXNativeTarget "SecretCode_Eloe" */;
			buildPhases = (
				50F1AC4420460D0600B38191 /* Sources */,
				50F1AC4520460D0600B38191 /* Frameworks */,
				50F1AC4620460D0600B38191 /* Resources */,
			);
			buildRules = (
			);
			dependencies = (
			);
			name = SecretCode_Eloe;
			productName = SecretCode_Eloe;
			productReference = 50F1AC4820460D0600B38191 /* SecretCode_Eloe.app */;
			productType = "com.apple.product-type.application";
		};
/* End PBXNativeTarget section */

/* Begin PBXProject section */
		50F1AC4020460D0600B38191 /* Project object */ = {
			isa = PBXProject;
			attributes = {
				LastSwiftUpdateCheck = 0920;
				LastUpgradeCheck = 0920;
				ORGANIZATIONNAME = "Eloe,Wendy C";
				TargetAttributes = {
					50F1AC4720460D0600B38191 = {
						CreatedOnToolsVersion = 9.2;
						ProvisioningStyle = Automatic;
					};
				};
			};
			buildConfigurationList = 50F1AC4320460D0600B38191 /* Build configuration list for PBXProject "SecretCode_Eloe" */;
			compatibilityVersion = "Xcode 8.0";
			developmentRegion = en;
			hasScannedForEncodings = 0;
			knownRegions = (
				en,
				Base,
			);
			mainGroup = 50F1AC3F20460D0600B38191;
			productRefGroup = 50F1AC4920460D0600B38191 /* Products */;
			projectDirPath = "";
			projectRoot = "";
			targets = (
				50F1AC4720460D0600B38191 /* SecretCode_Eloe */,
			);
		};
/* End PBXProject section */

/* Begin PBXResourcesBuildPhase section */
		50F1AC4620460D0600B38191 /* Resources */ = {
			isa = PBXResourcesBuildPhase;
			buildActionMask = 2147483647;
			files = (
				50F1AC5620460D0600B38191 /* LaunchScreen.storyboard in Resources */,
				50F1AC5320460D0600B38191 /* Assets.xcassets in Resources */,
				50F1AC5120460D0600B38191 /* Main.storyboard in Resources */,
			);
			runOnlyForDeploymentPostprocessing = 0;
		};
/* End PBXResourcesBuildPhase section */

/* Begin PBXSourcesBuildPhase section */
		50F1AC4420460D0600B38191 /* Sources */ = {
			isa = PBXSourcesBuildPhase;
			buildActionMask = 2147483647;
			files = (
				50F1AC4E20460D0600B38191 /* ViewController.swift in Sources */,
				50F1AC4C20460D0600B38191 /* AppDelegate.swift in Sources */,
			);
			runOnlyForDeploymentPostprocessing = 0;
		};
/* End PBXSourcesBuildPhase section */

/* Begin PBXVariantGroup section */
		50F1AC4F20460D0600B38191 /* Main.storyboard */ = {
			isa = PBXVariantGroup;
			children = (
				50F1AC5020460D0600B38191 /* Base */,
			);
			name = Main.storyboard;
			sourceTree = "<group>";
		};
		50F1AC5420460D0600B38191 /* LaunchScreen.storyboard */ = {
			isa = PBXVariantGroup;
			children = (
				50F1AC5520460D0600B38191 /* Base */,
			);
			name = LaunchScreen.storyboard;
			sourceTree = "<group>";
		};
/* End PBXVariantGroup section */

/* Begin XCBuildConfiguration section */
		50F1AC5820460D0600B38191 /* Debug */ = {
			isa = XCBuildConfiguration;
			buildSettings = {
				ALWAYS_SEARCH_USER_PATHS = NO;
				CLANG_ANALYZER_NONNULL = YES;
				CLANG_ANALYZER_NUMBER_OBJECT_CONVERSION = YES_AGGRESSIVE;
				CLANG_CXX_LANGUAGE_STANDARD = "gnu++14";
				CLANG_CXX_LIBRARY = "libc++";
				CLANG_ENABLE_MODULES = YES;
				CLANG_ENABLE_OBJC_ARC = YES;
				CLANG_WARN_BLOCK_CAPTURE_AUTORELEASING = YES;
				CLANG_WARN_BOOL_CONVERSION = YES;
				CLANG_WARN_COMMA = YES;
				CLANG_WARN_CONSTANT_CONVERSION = YES;
				CLANG_WARN_DIRECT_OBJC_ISA_USAGE = YES_ERROR;
				CLANG_WARN_DOCUMENTATION_COMMENTS = YES;
				CLANG_WARN_EMPTY_BODY = YES;
				CLANG_WARN_ENUM_CONVERSION = YES;
				CLANG_WARN_INFINITE_RECURSION = YES;
				CLANG_WARN_INT_CONVERSION = YES;
				CLANG_WARN_NON_LITERAL_NULL_CONVERSION = YES;
				CLANG_WARN_OBJC_LITERAL_CONVERSION = YES;
				CLANG_WARN_OBJC_ROOT_CLASS = YES_ERROR;
				CLANG_WARN_RANGE_LOOP_ANALYSIS = YES;
				CLANG_WARN_STRICT_PROTOTYPES = YES;
				CLANG_WARN_SUSPICIOUS_MOVE = YES;
				CLANG_WARN_UNGUARDED_AVAILABILITY = YES_AGGRESSIVE;
				CLANG_WARN_UNREACHABLE_CODE = YES;
				CLANG_WARN__DUPLICATE_METHOD_MATCH = YES;
				CODE_SIGN_IDENTITY = "iPhone Developer";
				COPY_PHASE_STRIP = NO;
				DEBUG_INFORMATION_FORMAT = dwarf;
				ENABLE_STRICT_OBJC_MSGSEND = YES;
				ENABLE_TESTABILITY = YES;
				GCC_C_LANGUAGE_STANDARD = gnu11;
				GCC_DYNAMIC_NO_PIC = NO;
				GCC_NO_COMMON_BLOCKS = YES;
				GCC_OPTIMIZATION_LEVEL = 0;
				GCC_PREPROCESSOR_DEFINITIONS = (
					"DEBUG=1",
					"$(inherited)",
				);
				GCC_WARN_64_TO_32_BIT_CONVERSION = YES;
				GCC_WARN_ABOUT_RETURN_TYPE = YES_ERROR;
				GCC_WARN_UNDECLARED_SELECTOR = YES;
				GCC_WARN_UNINITIALIZED_AUTOS = YES_AGGRESSIVE;
				GCC_WARN_UNUSED_FUNCTION = YES;
				GCC_WARN_UNUSED_VARIABLE = YES;
				IPHONEOS_DEPLOYMENT_TARGET = 11.2;
				MTL_ENABLE_DEBUG_INFO = YES;
				ONLY_ACTIVE_ARCH = YES;
				SDKROOT = iphoneos;
				SWIFT_ACTIVE_COMPILATION_CONDITIONS = DEBUG;
				SWIFT_OPTIMIZATION_LEVEL = "-Onone";
			};
			name = Debug;
		};
		50F1AC5920460D0600B38191 /* Release */ = {
			isa = XCBuildConfiguration;
			buildSettings = {
				ALWAYS_SEARCH_USER_PATHS = NO;
				CLANG_ANALYZER_NONNULL = YES;
				CLANG_ANALYZER_NUMBER_OBJECT_CONVERSION = YES_AGGRESSIVE;
				CLANG_CXX_LANGUAGE_STANDARD = "gnu++14";
				CLANG_CXX_LIBRARY = "libc++";
				CLANG_ENABLE_MODULES = YES;
				CLANG_ENABLE_OBJC_ARC = YES;
				CLANG_WARN_BLOCK_CAPTURE_AUTORELEASING = YES;
				CLANG_WARN_BOOL_CONVERSION = YES;
				CLANG_WARN_COMMA = YES;
				CLANG_WARN_CONSTANT_CONVERSION = YES;
				CLANG_WARN_DIRECT_OBJC_ISA_USAGE = YES_ERROR;
				CLANG_WARN_DOCUMENTATION_COMMENTS = YES;
				CLANG_WARN_EMPTY_BODY = YES;
				CLANG_WARN_ENUM_CONVERSION = YES;
				CLANG_WARN_INFINITE_RECURSION = YES;
				CLANG_WARN_INT_CONVERSION = YES;
				CLANG_WARN_NON_LITERAL_NULL_CONVERSION = YES;
				CLANG_WARN_OBJC_LITERAL_CONVERSION = YES;
				CLANG_WARN_OBJC_ROOT_CLASS = YES_ERROR;
				CLANG_WARN_RANGE_LOOP_ANALYSIS = YES;
				CLANG_WARN_STRICT_PROTOTYPES = YES;
				CLANG_WARN_SUSPICIOUS_MOVE = YES;
				CLANG_WARN_UNGUARDED_AVAILABILITY = YES_AGGRESSIVE;
				CLANG_WARN_UNREACHABLE_CODE = YES;
				CLANG_WARN__DUPLICATE_METHOD_MATCH = YES;
				CODE_SIGN_IDENTITY = "iPhone Developer";
				COPY_PHASE_STRIP = NO;
				DEBUG_INFORMATION_FORMAT = "dwarf-with-dsym";
				ENABLE_NS_ASSERTIONS = NO;
				ENABLE_STRICT_OBJC_MSGSEND = YES;
				GCC_C_LANGUAGE_STANDARD = gnu11;
				GCC_NO_COMMON_BLOCKS = YES;
				GCC_WARN_64_TO_32_BIT_CONVERSION = YES;
				GCC_WARN_ABOUT_RETURN_TYPE = YES_ERROR;
				GCC_WARN_UNDECLARED_SELECTOR = YES;
				GCC_WARN_UNINITIALIZED_AUTOS = YES_AGGRESSIVE;
				GCC_WARN_UNUSED_FUNCTION = YES;
				GCC_WARN_UNUSED_VARIABLE = YES;
				IPHONEOS_DEPLOYMENT_TARGET = 11.2;
				MTL_ENABLE_DEBUG_INFO = NO;
				SDKROOT = iphoneos;
				SWIFT_OPTIMIZATION_LEVEL = "-Owholemodule";
				VALIDATE_PRODUCT = YES;
			};
			name = Release;
		};
		50F1AC5B20460D0600B38191 /* Debug */ = {
			isa = XCBuildConfiguration;
			buildSettings = {
				ASSETCATALOG_COMPILER_APPICON_NAME = AppIcon;
				CODE_SIGN_STYLE = Automatic;
				INFOPLIST_FILE = SecretCode_Eloe/Info.plist;
				LD_RUNPATH_SEARCH_PATHS = "$(inherited) @executable_path/Frameworks";
				PRODUCT_BUNDLE_IDENTIFIER = "class.SecretCode-Eloe";
				PRODUCT_NAME = "$(TARGET_NAME)";
				SWIFT_VERSION = 4.0;
				TARGETED_DEVICE_FAMILY = "1,2";
			};
			name = Debug;
		};
		50F1AC5C20460D0600B38191 /* Release */ = {
			isa = XCBuildConfiguration;
			buildSettings = {
				ASSETCATALOG_COMPILER_APPICON_NAME = AppIcon;
				CODE_SIGN_STYLE = Automatic;
				INFOPLIST_FILE = SecretCode_Eloe/Info.plist;
				LD_RUNPATH_SEARCH_PATHS = "$(inherited) @executable_path/Frameworks";
				PRODUCT_BUNDLE_IDENTIFIER = "class.SecretCode-Eloe";
				PRODUCT_NAME = "$(TARGET_NAME)";
				SWIFT_VERSION = 4.0;
				TARGETED_DEVICE_FAMILY = "1,2";
			};
			name = Release;
		};
/* End XCBuildConfiguration section */

/* Begin XCConfigurationList section */
		50F1AC4320460D0600B38191 /* Build configuration list for PBXProject "SecretCode_Eloe" */ = {
			isa = XCConfigurationList;
			buildConfigurations = (
				50F1AC5820460D0600B38191 /* Debug */,
				50F1AC5920460D0600B38191 /* Release */,
			);
			defaultConfigurationIsVisible = 0;
			defaultConfigurationName = Release;
		};
		50F1AC5A20460D0600B38191 /* Build configuration list for PBXNativeTarget "SecretCode_Eloe" */ = {
			isa = XCConfigurationList;
			buildConfigurations = (
				50F1AC5B20460D0600B38191 /* Debug */,
				50F1AC5C20460D0600B38191 /* Release */,
			);
			defaultConfigurationIsVisible = 0;
			defaultConfigurationName = Release;
		};
/* End XCConfigurationList section */
	};
	rootObject = 50F1AC4020460D0600B38191 /* Project object */;
}
